
Microsoft Visual Studio Solution File, Format Version 12.00
# Visual Studio Version 17
VisualStudioVersion = 17.9.34728.123
MinimumVisualStudioVersion = 10.0.40219.1
Project("{FAE04EC0-301F-11D3-BF4B-00C04F79EFBC}") = "Pentotris", "Pentotris.csproj", "{72B56BBD-03BE-4175-81B0-BA51457C0E88}"
EndProject
Global
	GlobalSection(SolutionConfigurationPlatforms) = preSolution
		Debug|Any CPU = Debug|Any CPU
		Release|Any CPU = Release|Any CPU
	EndGlobalSection
	GlobalSection(ProjectConfigurationPlatforms) = postSolution
		{72B56BBD-03BE-4175-81B0-BA51457C0E88}.Debug|Any CPU.ActiveCfg = Debug|Any CPU
		{72B56BBD-03BE-4175-81B0-BA51457C0E88}.Debug|Any CPU.Build.0 = Debug|Any CPU
		{72B56BBD-03BE-4175-81B0-BA51457C0E88}.Release|Any CPU.ActiveCfg = Release|Any CPU
		{72B56BBD-03BE-4175-81B0-BA51457C0E88}.Release|Any CPU.Build.0 = Release|Any CPU
	EndGlobalSection
	GlobalSection(SolutionProperties) = preSolution
		HideSolutionNode = FALSE
	EndGlobalSection
	GlobalSection(ExtensibilityGlobals) = postSolution
		SolutionGuid = {955634BA-7B58-4F41-8DC2-37D18B968A2A}
	EndGlobalSection
EndGlobal
